
Microsoft Visual Studio Solution File, Format Version 12.00
# Visual Studio 15
VisualStudioVersion = 15.0.27428.2005
MinimumVisualStudioVersion = 10.0.40219.1
Project("{FAE04EC0-301F-11D3-BF4B-00C04F79EFBC}") = "Yetkilendirme", "Yetkilendirme\Yetkilendirme.csproj", "{AE22D16F-843E-4A03-8761-2330B4FEE623}"
EndProject
Global
	GlobalSection(SolutionConfigurationPlatforms) = preSolution
		Debug|Any CPU = Debug|Any CPU
		Release|Any CPU = Release|Any CPU
	EndGlobalSection
	GlobalSection(ProjectConfigurationPlatforms) = postSolution
		{AE22D16F-843E-4A03-8761-2330B4FEE623}.Debug|Any CPU.ActiveCfg = Debug|Any CPU
		{AE22D16F-843E-4A03-8761-2330B4FEE623}.Debug|Any CPU.Build.0 = Debug|Any CPU
		{AE22D16F-843E-4A03-8761-2330B4FEE623}.Release|Any CPU.ActiveCfg = Release|Any CPU
		{AE22D16F-843E-4A03-8761-2330B4FEE623}.Release|Any CPU.Build.0 = Release|Any CPU
	EndGlobalSection
	GlobalSection(SolutionProperties) = preSolution
		HideSolutionNode = FALSE
	EndGlobalSection
	GlobalSection(ExtensibilityGlobals) = postSolution
		SolutionGuid = {D7462CB9-6C73-43EC-96EF-58F0D16F26E6}
	EndGlobalSection
EndGlobal
